
Microsoft Visual Studio Solution File, Format Version 12.00
# Visual Studio Version 17
VisualStudioVersion = 17.5.33627.172
MinimumVisualStudioVersion = 10.0.40219.1
Project("{9A19103F-16F7-4668-BE54-9A1E7A4F7556}") = "BST1", "Derevo\BST1.csproj", "{81123C05-BB7E-4F0D-A1A9-298F8C003965}"
EndProject
Global
	GlobalSection(SolutionConfigurationPlatforms) = preSolution
		Debug|Any CPU = Debug|Any CPU
		Release|Any CPU = Release|Any CPU
	EndGlobalSection
	GlobalSection(ProjectConfigurationPlatforms) = postSolution
		{81123C05-BB7E-4F0D-A1A9-298F8C003965}.Debug|Any CPU.ActiveCfg = Debug|Any CPU
		{81123C05-BB7E-4F0D-A1A9-298F8C003965}.Debug|Any CPU.Build.0 = Debug|Any CPU
		{81123C05-BB7E-4F0D-A1A9-298F8C003965}.Release|Any CPU.ActiveCfg = Release|Any CPU
		{81123C05-BB7E-4F0D-A1A9-298F8C003965}.Release|Any CPU.Build.0 = Release|Any CPU
	EndGlobalSection
	GlobalSection(SolutionProperties) = preSolution
		HideSolutionNode = FALSE
	EndGlobalSection
	GlobalSection(ExtensibilityGlobals) = postSolution
		SolutionGuid = {DA7430C3-36E8-4C8E-B12E-E190B878ED46}
	EndGlobalSection
EndGlobal
